
Microsoft Visual Studio Solution File, Format Version 10.00
# Visual Studio 2008
Project("{D183A3D8-5FD8-494B-B014-37F57B35E655}") = "SIENNAPEASANT AIM Data", "SIENNAPEASANT AIM Data\SIENNAPEASANT AIM Data.dtproj", "{13E39A94-4EC1-4C56-9026-1C22D44E3299}"
EndProject
Global
	GlobalSection(SolutionConfigurationPlatforms) = preSolution
		Development|Default = Development|Default
	EndGlobalSection
	GlobalSection(ProjectConfigurationPlatforms) = postSolution
		{13E39A94-4EC1-4C56-9026-1C22D44E3299}.Development|Default.ActiveCfg = Development
		{13E39A94-4EC1-4C56-9026-1C22D44E3299}.Development|Default.Build.0 = Development
	EndGlobalSection
	GlobalSection(SolutionProperties) = preSolution
		HideSolutionNode = FALSE
	EndGlobalSection
EndGlobal
